// !$*UTF8*$!
{
	archiveVersion = 1;
	classes = {
	};
	objectVersion = 50;
	objects = {

/* Begin PBXBuildFile section */
		3AF07C0C2264DDCF00FC6F60 /* AppDelegate.swift in Sources */ = {isa = PBXBuildFile; fileRef = 3AF07C0B2264DDCF00FC6F60 /* AppDelegate.swift */; };
		3AF07C112264DDCF00FC6F60 /* Main.storyboard in Resources */ = {isa = PBXBuildFile; fileRef = 3AF07C0F2264DDCF00FC6F60 /* Main.storyboard */; };
		3AF07C132264DDD000FC6F60 /* Assets.xcassets in Resources */ = {isa = PBXBuildFile; fileRef = 3AF07C122264DDD000FC6F60 /* Assets.xcassets */; };
		3AF07C162264DDD000FC6F60 /* LaunchScreen.storyboard in Resources */ = {isa = PBXBuildFile; fileRef = 3AF07C142264DDD000FC6F60 /* LaunchScreen.storyboard */; };
		3AF26FA22265038E00E78387 /* Handler.swift in Sources */ = {isa = PBXBuildFile; fileRef = 3AF26FA12265038E00E78387 /* Handler.swift */; };
		3AF26FA42265060800E78387 /* MarcasResponse.swift in Sources */ = {isa = PBXBuildFile; fileRef = 3AF26FA32265060800E78387 /* MarcasResponse.swift */; };
		3AF26FA622650F0D00E78387 /* MarcaTableViewCell.swift in Sources */ = {isa = PBXBuildFile; fileRef = 3AF26FA522650F0D00E78387 /* MarcaTableViewCell.swift */; };
		3AF26FA82265104900E78387 /* Model.swift in Sources */ = {isa = PBXBuildFile; fileRef = 3AF26FA72265104900E78387 /* Model.swift */; };
		3AF26FAA226511FA00E78387 /* FuncaoTableViewCell.swift in Sources */ = {isa = PBXBuildFile; fileRef = 3AF26FA9226511FA00E78387 /* FuncaoTableViewCell.swift */; };
		3AF26FAC2265163900E78387 /* MarcasTableViewController.swift in Sources */ = {isa = PBXBuildFile; fileRef = 3AF26FAB2265163900E78387 /* MarcasTableViewController.swift */; };
		AC8CB6C8226636CA009DF896 /* MainViewController.swift in Sources */ = {isa = PBXBuildFile; fileRef = AC8CB6C7226636CA009DF896 /* MainViewController.swift */; };
		AC8CB6CA22663C5F009DF896 /* CarsResponse.swift in Sources */ = {isa = PBXBuildFile; fileRef = AC8CB6C922663C5F009DF896 /* CarsResponse.swift */; };
		AC8CB6CC22664165009DF896 /* CarsTableViewController.swift in Sources */ = {isa = PBXBuildFile; fileRef = AC8CB6CB22664165009DF896 /* CarsTableViewController.swift */; };
		AC8CB6CF226642D8009DF896 /* CarroTableViewCell.swift in Sources */ = {isa = PBXBuildFile; fileRef = AC8CB6CD226642D8009DF896 /* CarroTableViewCell.swift */; };
		AC8CB6D0226642D8009DF896 /* CarroTableViewCell.xib in Resources */ = {isa = PBXBuildFile; fileRef = AC8CB6CE226642D8009DF896 /* CarroTableViewCell.xib */; };
/* End PBXBuildFile section */

/* Begin PBXFileReference section */
		3AF07C082264DDCF00FC6F60 /* DataConsumption.app */ = {isa = PBXFileReference; explicitFileType = wrapper.application; includeInIndex = 0; path = DataConsumption.app; sourceTree = BUILT_PRODUCTS_DIR; };
		3AF07C0B2264DDCF00FC6F60 /* AppDelegate.swift */ = {isa = PBXFileReference; lastKnownFileType = sourcecode.swift; path = AppDelegate.swift; sourceTree = "<group>"; };
		3AF07C102264DDCF00FC6F60 /* Base */ = {isa = PBXFileReference; lastKnownFileType = file.storyboard; name = Base; path = Base.lproj/Main.storyboard; sourceTree = "<group>"; };
		3AF07C122264DDD000FC6F60 /* Assets.xcassets */ = {isa = PBXFileReference; lastKnownFileType = folder.assetcatalog; path = Assets.xcassets; sourceTree = "<group>"; };
		3AF07C152264DDD000FC6F60 /* Base */ = {isa = PBXFileReference; lastKnownFileType = file.storyboard; name = Base; path = Base.lproj/LaunchScreen.storyboard; sourceTree = "<group>"; };
		3AF07C172264DDD000FC6F60 /* Info.plist */ = {isa = PBXFileReference; lastKnownFileType = text.plist.xml; path = Info.plist; sourceTree = "<group>"; };
		3AF26FA12265038E00E78387 /* Handler.swift */ = {isa = PBXFileReference; lastKnownFileType = sourcecode.swift; path = Handler.swift; sourceTree = "<group>"; };
		3AF26FA32265060800E78387 /* MarcasResponse.swift */ = {isa = PBXFileReference; lastKnownFileType = sourcecode.swift; path = MarcasResponse.swift; sourceTree = "<group>"; };
		3AF26FA522650F0D00E78387 /* MarcaTableViewCell.swift */ = {isa = PBXFileReference; lastKnownFileType = sourcecode.swift; path = MarcaTableViewCell.swift; sourceTree = "<group>"; };
		3AF26FA72265104900E78387 /* Model.swift */ = {isa = PBXFileReference; lastKnownFileType = sourcecode.swift; path = Model.swift; sourceTree = "<group>"; };
		3AF26FA9226511FA00E78387 /* FuncaoTableViewCell.swift */ = {isa = PBXFileReference; lastKnownFileType = sourcecode.swift; path = FuncaoTableViewCell.swift; sourceTree = "<group>"; };
		3AF26FAB2265163900E78387 /* MarcasTableViewController.swift */ = {isa = PBXFileReference; lastKnownFileType = sourcecode.swift; path = MarcasTableViewController.swift; sourceTree = "<group>"; };
		AC8CB6C7226636CA009DF896 /* MainViewController.swift */ = {isa = PBXFileReference; lastKnownFileType = sourcecode.swift; path = MainViewController.swift; sourceTree = "<group>"; };
		AC8CB6C922663C5F009DF896 /* CarsResponse.swift */ = {isa = PBXFileReference; lastKnownFileType = sourcecode.swift; path = CarsResponse.swift; sourceTree = "<group>"; };
		AC8CB6CB22664165009DF896 /* CarsTableViewController.swift */ = {isa = PBXFileReference; lastKnownFileType = sourcecode.swift; path = CarsTableViewController.swift; sourceTree = "<group>"; };
		AC8CB6CD226642D8009DF896 /* CarroTableViewCell.swift */ = {isa = PBXFileReference; lastKnownFileType = sourcecode.swift; path = CarroTableViewCell.swift; sourceTree = "<group>"; };
		AC8CB6CE226642D8009DF896 /* CarroTableViewCell.xib */ = {isa = PBXFileReference; lastKnownFileType = file.xib; path = CarroTableViewCell.xib; sourceTree = "<group>"; };
/* End PBXFileReference section */

/* Begin PBXFrameworksBuildPhase section */
		3AF07C052264DDCF00FC6F60 /* Frameworks */ = {
			isa = PBXFrameworksBuildPhase;
			buildActionMask = 2147483647;
			files = (
			);
			runOnlyForDeploymentPostprocessing = 0;
		};
/* End PBXFrameworksBuildPhase section */

/* Begin PBXGroup section */
		3AF07BFF2264DDCF00FC6F60 = {
			isa = PBXGroup;
			children = (
				3AF07C0A2264DDCF00FC6F60 /* DataConsumption */,
				3AF07C092264DDCF00FC6F60 /* Products */,
			);
			sourceTree = "<group>";
		};
		3AF07C092264DDCF00FC6F60 /* Products */ = {
			isa = PBXGroup;
			children = (
				3AF07C082264DDCF00FC6F60 /* DataConsumption.app */,
			);
			name = Products;
			sourceTree = "<group>";
		};
		3AF07C0A2264DDCF00FC6F60 /* DataConsumption */ = {
			isa = PBXGroup;
			children = (
				3AF07C212264E11E00FC6F60 /* Support */,
				3AF07C202264E0BB00FC6F60 /* Network */,
				3AF07C1D2264E08F00FC6F60 /* Controlller */,
				3AF07C1E2264E0A800FC6F60 /* View */,
				3AF07C1F2264E0AE00FC6F60 /* Model */,
				3AF07C122264DDD000FC6F60 /* Assets.xcassets */,
				3AF07C0F2264DDCF00FC6F60 /* Main.storyboard */,
			);
			path = DataConsumption;
			sourceTree = "<group>";
		};
		3AF07C1D2264E08F00FC6F60 /* Controlller */ = {
			isa = PBXGroup;
			children = (
				3AF26FAB2265163900E78387 /* MarcasTableViewController.swift */,
				AC8CB6C7226636CA009DF896 /* MainViewController.swift */,
				AC8CB6CB22664165009DF896 /* CarsTableViewController.swift */,
			);
			path = Controlller;
			sourceTree = "<group>";
		};
		3AF07C1E2264E0A800FC6F60 /* View */ = {
			isa = PBXGroup;
			children = (
				3AF26FA522650F0D00E78387 /* MarcaTableViewCell.swift */,
				3AF26FA9226511FA00E78387 /* FuncaoTableViewCell.swift */,
				AC8CB6CD226642D8009DF896 /* CarroTableViewCell.swift */,
				AC8CB6CE226642D8009DF896 /* CarroTableViewCell.xib */,
			);
			path = View;
			sourceTree = "<group>";
		};
		3AF07C1F2264E0AE00FC6F60 /* Model */ = {
			isa = PBXGroup;
			children = (
				3AF26FA72265104900E78387 /* Model.swift */,
			);
			path = Model;
			sourceTree = "<group>";
		};
		3AF07C202264E0BB00FC6F60 /* Network */ = {
			isa = PBXGroup;
			children = (
				3AF26FA12265038E00E78387 /* Handler.swift */,
				3AF26FA32265060800E78387 /* MarcasResponse.swift */,
				AC8CB6C922663C5F009DF896 /* CarsResponse.swift */,
			);
			path = Network;
			sourceTree = "<group>";
		};
		3AF07C212264E11E00FC6F60 /* Support */ = {
			isa = PBXGroup;
			children = (
				3AF07C0B2264DDCF00FC6F60 /* AppDelegate.swift */,
				3AF07C142264DDD000FC6F60 /* LaunchScreen.storyboard */,
				3AF07C172264DDD000FC6F60 /* Info.plist */,
			);
			path = Support;
			sourceTree = "<group>";
		};
/* End PBXGroup section */

/* Begin PBXNativeTarget section */
		3AF07C072264DDCF00FC6F60 /* DataConsumption */ = {
			isa = PBXNativeTarget;
			buildConfigurationList = 3AF07C1A2264DDD000FC6F60 /* Build configuration list for PBXNativeTarget "DataConsumption" */;
			buildPhases = (
				3AF07C042264DDCF00FC6F60 /* Sources */,
				3AF07C052264DDCF00FC6F60 /* Frameworks */,
				3AF07C062264DDCF00FC6F60 /* Resources */,
			);
			buildRules = (
			);
			dependencies = (
			);
			name = DataConsumption;
			productName = DataConsumption;
			productReference = 3AF07C082264DDCF00FC6F60 /* DataConsumption.app */;
			productType = "com.apple.product-type.application";
		};
/* End PBXNativeTarget section */

/* Begin PBXProject section */
		3AF07C002264DDCF00FC6F60 /* Project object */ = {
			isa = PBXProject;
			attributes = {
				LastSwiftUpdateCheck = 1020;
				LastUpgradeCheck = 1020;
				ORGANIZATIONNAME = "Raul Rodrigues";
				TargetAttributes = {
					3AF07C072264DDCF00FC6F60 = {
						CreatedOnToolsVersion = 10.2;
					};
				};
			};
			buildConfigurationList = 3AF07C032264DDCF00FC6F60 /* Build configuration list for PBXProject "DataConsumption" */;
			compatibilityVersion = "Xcode 9.3";
			developmentRegion = en;
			hasScannedForEncodings = 0;
			knownRegions = (
				en,
				Base,
			);
			mainGroup = 3AF07BFF2264DDCF00FC6F60;
			productRefGroup = 3AF07C092264DDCF00FC6F60 /* Products */;
			projectDirPath = "";
			projectRoot = "";
			targets = (
				3AF07C072264DDCF00FC6F60 /* DataConsumption */,
			);
		};
/* End PBXProject section */

/* Begin PBXResourcesBuildPhase section */
		3AF07C062264DDCF00FC6F60 /* Resources */ = {
			isa = PBXResourcesBuildPhase;
			buildActionMask = 2147483647;
			files = (
				3AF07C162264DDD000FC6F60 /* LaunchScreen.storyboard in Resources */,
				AC8CB6D0226642D8009DF896 /* CarroTableViewCell.xib in Resources */,
				3AF07C132264DDD000FC6F60 /* Assets.xcassets in Resources */,
				3AF07C112264DDCF00FC6F60 /* Main.storyboard in Resources */,
			);
			runOnlyForDeploymentPostprocessing = 0;
		};
/* End PBXResourcesBuildPhase section */

/* Begin PBXSourcesBuildPhase section */
		3AF07C042264DDCF00FC6F60 /* Sources */ = {
			isa = PBXSourcesBuildPhase;
			buildActionMask = 2147483647;
			files = (
				3AF26FAC2265163900E78387 /* MarcasTableViewController.swift in Sources */,
				3AF26FA22265038E00E78387 /* Handler.swift in Sources */,
				3AF26FAA226511FA00E78387 /* FuncaoTableViewCell.swift in Sources */,
				3AF26FA42265060800E78387 /* MarcasResponse.swift in Sources */,
				AC8CB6CC22664165009DF896 /* CarsTableViewController.swift in Sources */,
				3AF26FA622650F0D00E78387 /* MarcaTableViewCell.swift in Sources */,
				3AF26FA82265104900E78387 /* Model.swift in Sources */,
				AC8CB6C8226636CA009DF896 /* MainViewController.swift in Sources */,
				AC8CB6CA22663C5F009DF896 /* CarsResponse.swift in Sources */,
				AC8CB6CF226642D8009DF896 /* CarroTableViewCell.swift in Sources */,
				3AF07C0C2264DDCF00FC6F60 /* AppDelegate.swift in Sources */,
			);
			runOnlyForDeploymentPostprocessing = 0;
		};
/* End PBXSourcesBuildPhase section */

/* Begin PBXVariantGroup section */
		3AF07C0F2264DDCF00FC6F60 /* Main.storyboard */ = {
			isa = PBXVariantGroup;
			children = (
				3AF07C102264DDCF00FC6F60 /* Base */,
			);
			name = Main.storyboard;
			sourceTree = "<group>";
		};
		3AF07C142264DDD000FC6F60 /* LaunchScreen.storyboard */ = {
			isa = PBXVariantGroup;
			children = (
				3AF07C152264DDD000FC6F60 /* Base */,
			);
			name = LaunchScreen.storyboard;
			sourceTree = "<group>";
		};
/* End PBXVariantGroup section */

/* Begin XCBuildConfiguration section */
		3AF07C182264DDD000FC6F60 /* Debug */ = {
			isa = XCBuildConfiguration;
			buildSettings = {
				ALWAYS_SEARCH_USER_PATHS = NO;
				CLANG_ANALYZER_NONNULL = YES;
				CLANG_ANALYZER_NUMBER_OBJECT_CONVERSION = YES_AGGRESSIVE;
				CLANG_CXX_LANGUAGE_STANDARD = "gnu++14";
				CLANG_CXX_LIBRARY = "libc++";
				CLANG_ENABLE_MODULES = YES;
				CLANG_ENABLE_OBJC_ARC = YES;
				CLANG_ENABLE_OBJC_WEAK = YES;
				CLANG_WARN_BLOCK_CAPTURE_AUTORELEASING = YES;
				CLANG_WARN_BOOL_CONVERSION = YES;
				CLANG_WARN_COMMA = YES;
				CLANG_WARN_CONSTANT_CONVERSION = YES;
				CLANG_WARN_DEPRECATED_OBJC_IMPLEMENTATIONS = YES;
				CLANG_WARN_DIRECT_OBJC_ISA_USAGE = YES_ERROR;
				CLANG_WARN_DOCUMENTATION_COMMENTS = YES;
				CLANG_WARN_EMPTY_BODY = YES;
				CLANG_WARN_ENUM_CONVERSION = YES;
				CLANG_WARN_INFINITE_RECURSION = YES;
				CLANG_WARN_INT_CONVERSION = YES;
				CLANG_WARN_NON_LITERAL_NULL_CONVERSION = YES;
				CLANG_WARN_OBJC_IMPLICIT_RETAIN_SELF = YES;
				CLANG_WARN_OBJC_LITERAL_CONVERSION = YES;
				CLANG_WARN_OBJC_ROOT_CLASS = YES_ERROR;
				CLANG_WARN_RANGE_LOOP_ANALYSIS = YES;
				CLANG_WARN_STRICT_PROTOTYPES = YES;
				CLANG_WARN_SUSPICIOUS_MOVE = YES;
				CLANG_WARN_UNGUARDED_AVAILABILITY = YES_AGGRESSIVE;
				CLANG_WARN_UNREACHABLE_CODE = YES;
				CLANG_WARN__DUPLICATE_METHOD_MATCH = YES;
				CODE_SIGN_IDENTITY = "iPhone Developer";
				COPY_PHASE_STRIP = NO;
				DEBUG_INFORMATION_FORMAT = dwarf;
				ENABLE_STRICT_OBJC_MSGSEND = YES;
				ENABLE_TESTABILITY = YES;
				GCC_C_LANGUAGE_STANDARD = gnu11;
				GCC_DYNAMIC_NO_PIC = NO;
				GCC_NO_COMMON_BLOCKS = YES;
				GCC_OPTIMIZATION_LEVEL = 0;
				GCC_PREPROCESSOR_DEFINITIONS = (
					"DEBUG=1",
					"$(inherited)",
				);
				GCC_WARN_64_TO_32_BIT_CONVERSION = YES;
				GCC_WARN_ABOUT_RETURN_TYPE = YES_ERROR;
				GCC_WARN_UNDECLARED_SELECTOR = YES;
				GCC_WARN_UNINITIALIZED_AUTOS = YES_AGGRESSIVE;
				GCC_WARN_UNUSED_FUNCTION = YES;
				GCC_WARN_UNUSED_VARIABLE = YES;
				IPHONEOS_DEPLOYMENT_TARGET = 12.2;
				MTL_ENABLE_DEBUG_INFO = INCLUDE_SOURCE;
				MTL_FAST_MATH = YES;
				ONLY_ACTIVE_ARCH = YES;
				SDKROOT = iphoneos;
				SWIFT_ACTIVE_COMPILATION_CONDITIONS = DEBUG;
				SWIFT_OPTIMIZATION_LEVEL = "-Onone";
			};
			name = Debug;
		};
		3AF07C192264DDD000FC6F60 /* Release */ = {
			isa = XCBuildConfiguration;
			buildSettings = {
				ALWAYS_SEARCH_USER_PATHS = NO;
				CLANG_ANALYZER_NONNULL = YES;
				CLANG_ANALYZER_NUMBER_OBJECT_CONVERSION = YES_AGGRESSIVE;
				CLANG_CXX_LANGUAGE_STANDARD = "gnu++14";
				CLANG_CXX_LIBRARY = "libc++";
				CLANG_ENABLE_MODULES = YES;
				CLANG_ENABLE_OBJC_ARC = YES;
				CLANG_ENABLE_OBJC_WEAK = YES;
				CLANG_WARN_BLOCK_CAPTURE_AUTORELEASING = YES;
				CLANG_WARN_BOOL_CONVERSION = YES;
				CLANG_WARN_COMMA = YES;
				CLANG_WARN_CONSTANT_CONVERSION = YES;
				CLANG_WARN_DEPRECATED_OBJC_IMPLEMENTATIONS = YES;
				CLANG_WARN_DIRECT_OBJC_ISA_USAGE = YES_ERROR;
				CLANG_WARN_DOCUMENTATION_COMMENTS = YES;
				CLANG_WARN_EMPTY_BODY = YES;
				CLANG_WARN_ENUM_CONVERSION = YES;
				CLANG_WARN_INFINITE_RECURSION = YES;
				CLANG_WARN_INT_CONVERSION = YES;
				CLANG_WARN_NON_LITERAL_NULL_CONVERSION = YES;
				CLANG_WARN_OBJC_IMPLICIT_RETAIN_SELF = YES;
				CLANG_WARN_OBJC_LITERAL_CONVERSION = YES;
				CLANG_WARN_OBJC_ROOT_CLASS = YES_ERROR;
				CLANG_WARN_RANGE_LOOP_ANALYSIS = YES;
				CLANG_WARN_STRICT_PROTOTYPES = YES;
				CLANG_WARN_SUSPICIOUS_MOVE = YES;
				CLANG_WARN_UNGUARDED_AVAILABILITY = YES_AGGRESSIVE;
				CLANG_WARN_UNREACHABLE_CODE = YES;
				CLANG_WARN__DUPLICATE_METHOD_MATCH = YES;
				CODE_SIGN_IDENTITY = "iPhone Developer";
				COPY_PHASE_STRIP = NO;
				DEBUG_INFORMATION_FORMAT = "dwarf-with-dsym";
				ENABLE_NS_ASSERTIONS = NO;
				ENABLE_STRICT_OBJC_MSGSEND = YES;
				GCC_C_LANGUAGE_STANDARD = gnu11;
				GCC_NO_COMMON_BLOCKS = YES;
				GCC_WARN_64_TO_32_BIT_CONVERSION = YES;
				GCC_WARN_ABOUT_RETURN_TYPE = YES_ERROR;
				GCC_WARN_UNDECLARED_SELECTOR = YES;
				GCC_WARN_UNINITIALIZED_AUTOS = YES_AGGRESSIVE;
				GCC_WARN_UNUSED_FUNCTION = YES;
				GCC_WARN_UNUSED_VARIABLE = YES;
				IPHONEOS_DEPLOYMENT_TARGET = 12.2;
				MTL_ENABLE_DEBUG_INFO = NO;
				MTL_FAST_MATH = YES;
				SDKROOT = iphoneos;
				SWIFT_COMPILATION_MODE = wholemodule;
				SWIFT_OPTIMIZATION_LEVEL = "-O";
				VALIDATE_PRODUCT = YES;
			};
			name = Release;
		};
		3AF07C1B2264DDD000FC6F60 /* Debug */ = {
			isa = XCBuildConfiguration;
			buildSettings = {
				ASSETCATALOG_COMPILER_APPICON_NAME = AppIcon;
				CODE_SIGN_IDENTITY = "iPhone Developer";
				CODE_SIGN_STYLE = Automatic;
				DEVELOPMENT_TEAM = T8DRW4Z2F2;
				INFOPLIST_FILE = "$(SRCROOT)/DataConsumption/Support/Info.plist";
				LD_RUNPATH_SEARCH_PATHS = (
					"$(inherited)",
					"@executable_path/Frameworks",
				);
				PRODUCT_BUNDLE_IDENTIFIER = AA2019.DataConsumptionChallenge;
				PRODUCT_NAME = "$(TARGET_NAME)";
				PROVISIONING_PROFILE_SPECIFIER = "";
				SWIFT_VERSION = 5.0;
				TARGETED_DEVICE_FAMILY = 1;
			};
			name = Debug;
		};
		3AF07C1C2264DDD000FC6F60 /* Release */ = {
			isa = XCBuildConfiguration;
			buildSettings = {
				ASSETCATALOG_COMPILER_APPICON_NAME = AppIcon;
				CODE_SIGN_IDENTITY = "iPhone Developer";
				CODE_SIGN_STYLE = Automatic;
				DEVELOPMENT_TEAM = T8DRW4Z2F2;
				INFOPLIST_FILE = "$(SRCROOT)/DataConsumption/Support/Info.plist";
				LD_RUNPATH_SEARCH_PATHS = (
					"$(inherited)",
					"@executable_path/Frameworks",
				);
				PRODUCT_BUNDLE_IDENTIFIER = AA2019.DataConsumptionChallenge;
				PRODUCT_NAME = "$(TARGET_NAME)";
				PROVISIONING_PROFILE_SPECIFIER = "";
				SWIFT_VERSION = 5.0;
				TARGETED_DEVICE_FAMILY = 1;
			};
			name = Release;
		};
/* End XCBuildConfiguration section */

/* Begin XCConfigurationList section */
		3AF07C032264DDCF00FC6F60 /* Build configuration list for PBXProject "DataConsumption" */ = {
			isa = XCConfigurationList;
			buildConfigurations = (
				3AF07C182264DDD000FC6F60 /* Debug */,
				3AF07C192264DDD000FC6F60 /* Release */,
			);
			defaultConfigurationIsVisible = 0;
			defaultConfigurationName = Release;
		};
		3AF07C1A2264DDD000FC6F60 /* Build configuration list for PBXNativeTarget "DataConsumption" */ = {
			isa = XCConfigurationList;
			buildConfigurations = (
				3AF07C1B2264DDD000FC6F60 /* Debug */,
				3AF07C1C2264DDD000FC6F60 /* Release */,
			);
			defaultConfigurationIsVisible = 0;
			defaultConfigurationName = Release;
		};
/* End XCConfigurationList section */
	};
	rootObject = 3AF07C002264DDCF00FC6F60 /* Project object */;
}
